<Solution>
  <Folder Name="/Solution Items/">
    <File Path=".gitattributes" />
    <File Path="global.json" />
    <File Path="readme.md" />
    <File Path=".editorconfig" />
    <File Path="Directory.Build.props" />
    <File Path="Directory.Packages.props" />
    <File Path="MonacoAssets.targets" />
    <File Path="mdsnippets.json" />
  </Folder>
  <Project Path="BlazorQL/BlazorQL.csproj" />
  <Project Path="BlazorQL.Bundled/BlazorQL.Bundled.csproj" />
  <Project Path="BlazorQL.Sample/BlazorQL.Sample.csproj" />
  <Project Path="BlazorQL.Tests/BlazorQL.Tests.csproj" />
  <Project Path="BlazorQL.Sample.Tests/BlazorQL.Sample.Tests.csproj" />
  <Project Path="BlazorQL.Bundled.Tests/BlazorQL.Bundled.Tests.csproj" />
</Solution>
